
Microsoft Visual Studio Solution File, Format Version 12.00
# Visual Studio 15
VisualStudioVersion = 15.0.28307.168
MinimumVisualStudioVersion = 10.0.40219.1
Project("{8BC9CEB8-8B4A-11D0-8D11-00A0C91BC942}") = "matematyka_dyskretna_1", "matematyka_dyskretna_1\matematyka_dyskretna_1.vcxproj", "{0A344974-D320-428F-9BB0-5D8AFDDD0BC2}"
EndProject
Global
	GlobalSection(SolutionConfigurationPlatforms) = preSolution
		Debug|x64 = Debug|x64
		Debug|x86 = Debug|x86
		Release|x64 = Release|x64
		Release|x86 = Release|x86
	EndGlobalSection
	GlobalSection(ProjectConfigurationPlatforms) = postSolution
		{0A344974-D320-428F-9BB0-5D8AFDDD0BC2}.Debug|x64.ActiveCfg = Debug|x64
		{0A344974-D320-428F-9BB0-5D8AFDDD0BC2}.Debug|x64.Build.0 = Debug|x64
		{0A344974-D320-428F-9BB0-5D8AFDDD0BC2}.Debug|x86.ActiveCfg = Debug|Win32
		{0A344974-D320-428F-9BB0-5D8AFDDD0BC2}.Debug|x86.Build.0 = Debug|Win32
		{0A344974-D320-428F-9BB0-5D8AFDDD0BC2}.Release|x64.ActiveCfg = Release|x64
		{0A344974-D320-428F-9BB0-5D8AFDDD0BC2}.Release|x64.Build.0 = Release|x64
		{0A344974-D320-428F-9BB0-5D8AFDDD0BC2}.Release|x86.ActiveCfg = Release|Win32
		{0A344974-D320-428F-9BB0-5D8AFDDD0BC2}.Release|x86.Build.0 = Release|Win32
	EndGlobalSection
	GlobalSection(SolutionProperties) = preSolution
		HideSolutionNode = FALSE
	EndGlobalSection
	GlobalSection(ExtensibilityGlobals) = postSolution
		SolutionGuid = {1C45B00E-937E-4889-A9F8-699174362E09}
	EndGlobalSection
EndGlobal
